
Microsoft Visual Studio Solution File, Format Version 12.00
# Visual Studio Version 17
VisualStudioVersion = 17.4.33213.308
MinimumVisualStudioVersion = 10.0.40219.1
Project("{FAE04EC0-301F-11D3-BF4B-00C04F79EFBC}") = "Lab9feb", "Lab9feb.csproj", "{56A2DB74-204C-4938-9B1E-BED18F6C4014}"
EndProject
Global
	GlobalSection(SolutionConfigurationPlatforms) = preSolution
		Debug|Any CPU = Debug|Any CPU
		Release|Any CPU = Release|Any CPU
	EndGlobalSection
	GlobalSection(ProjectConfigurationPlatforms) = postSolution
		{56A2DB74-204C-4938-9B1E-BED18F6C4014}.Debug|Any CPU.ActiveCfg = Debug|Any CPU
		{56A2DB74-204C-4938-9B1E-BED18F6C4014}.Debug|Any CPU.Build.0 = Debug|Any CPU
		{56A2DB74-204C-4938-9B1E-BED18F6C4014}.Release|Any CPU.ActiveCfg = Release|Any CPU
		{56A2DB74-204C-4938-9B1E-BED18F6C4014}.Release|Any CPU.Build.0 = Release|Any CPU
	EndGlobalSection
	GlobalSection(SolutionProperties) = preSolution
		HideSolutionNode = FALSE
	EndGlobalSection
	GlobalSection(ExtensibilityGlobals) = postSolution
		SolutionGuid = {AC457C48-6B2F-4280-BC8C-3A06F263E1DC}
	EndGlobalSection
EndGlobal
